
Microsoft Visual Studio Solution File, Format Version 12.00
# Visual Studio 15
VisualStudioVersion = 15.0.27703.2047
MinimumVisualStudioVersion = 10.0.40219.1
Project("{9A19103F-16F7-4668-BE54-9A1E7A4F7556}") = "QualitySouvenir", "FinalQualitySouvenir\QualitySouvenir.csproj", "{D6CFD6EC-21CC-4042-A27F-3E1D034966A1}"
EndProject
Global
	GlobalSection(SolutionConfigurationPlatforms) = preSolution
		Debug|Any CPU = Debug|Any CPU
		Release|Any CPU = Release|Any CPU
	EndGlobalSection
	GlobalSection(ProjectConfigurationPlatforms) = postSolution
		{D6CFD6EC-21CC-4042-A27F-3E1D034966A1}.Debug|Any CPU.ActiveCfg = Debug|Any CPU
		{D6CFD6EC-21CC-4042-A27F-3E1D034966A1}.Debug|Any CPU.Build.0 = Debug|Any CPU
		{D6CFD6EC-21CC-4042-A27F-3E1D034966A1}.Release|Any CPU.ActiveCfg = Release|Any CPU
		{D6CFD6EC-21CC-4042-A27F-3E1D034966A1}.Release|Any CPU.Build.0 = Release|Any CPU
	EndGlobalSection
	GlobalSection(SolutionProperties) = preSolution
		HideSolutionNode = FALSE
	EndGlobalSection
	GlobalSection(ExtensibilityGlobals) = postSolution
		SolutionGuid = {7DA9E571-1F75-415A-8466-5F9D081EDEA0}
	EndGlobalSection
EndGlobal
